
Microsoft Visual Studio Solution File, Format Version 12.00
# Visual Studio 15
VisualStudioVersion = 15.0.28307.572
MinimumVisualStudioVersion = 10.0.40219.1
Project("{FAE04EC0-301F-11D3-BF4B-00C04F79EFBC}") = "FlightDataFunctionApp", "FlightDataFunctionApp\FlightDataFunctionApp.csproj", "{224708C5-DCBA-4E1F-9376-159EC6DE26AD}"
EndProject
Global
	GlobalSection(SolutionConfigurationPlatforms) = preSolution
		Debug|Any CPU = Debug|Any CPU
		Release|Any CPU = Release|Any CPU
	EndGlobalSection
	GlobalSection(ProjectConfigurationPlatforms) = postSolution
		{224708C5-DCBA-4E1F-9376-159EC6DE26AD}.Debug|Any CPU.ActiveCfg = Debug|Any CPU
		{224708C5-DCBA-4E1F-9376-159EC6DE26AD}.Debug|Any CPU.Build.0 = Debug|Any CPU
		{224708C5-DCBA-4E1F-9376-159EC6DE26AD}.Release|Any CPU.ActiveCfg = Release|Any CPU
		{224708C5-DCBA-4E1F-9376-159EC6DE26AD}.Release|Any CPU.Build.0 = Release|Any CPU
	EndGlobalSection
	GlobalSection(SolutionProperties) = preSolution
		HideSolutionNode = FALSE
	EndGlobalSection
	GlobalSection(ExtensibilityGlobals) = postSolution
		SolutionGuid = {7F1A52BA-5377-40AE-90B7-0A36FA0A23A3}
	EndGlobalSection
EndGlobal
