
Microsoft Visual Studio Solution File, Format Version 12.00
# Visual Studio 15
VisualStudioVersion = 15.0.28307.572
MinimumVisualStudioVersion = 10.0.40219.1
Project("{9A19103F-16F7-4668-BE54-9A1E7A4F7556}") = "FlightDataFunctionApp", "FlightDataFunctionApp\FlightDataFunctionApp.csproj", "{5EA85BFB-B385-44E0-A7B6-3A7630711A67}"
EndProject
Global
	GlobalSection(SolutionConfigurationPlatforms) = preSolution
		Debug|Any CPU = Debug|Any CPU
		Release|Any CPU = Release|Any CPU
	EndGlobalSection
	GlobalSection(ProjectConfigurationPlatforms) = postSolution
		{5EA85BFB-B385-44E0-A7B6-3A7630711A67}.Debug|Any CPU.ActiveCfg = Debug|Any CPU
		{5EA85BFB-B385-44E0-A7B6-3A7630711A67}.Debug|Any CPU.Build.0 = Debug|Any CPU
		{5EA85BFB-B385-44E0-A7B6-3A7630711A67}.Release|Any CPU.ActiveCfg = Release|Any CPU
		{5EA85BFB-B385-44E0-A7B6-3A7630711A67}.Release|Any CPU.Build.0 = Release|Any CPU
	EndGlobalSection
	GlobalSection(SolutionProperties) = preSolution
		HideSolutionNode = FALSE
	EndGlobalSection
	GlobalSection(ExtensibilityGlobals) = postSolution
		SolutionGuid = {DFF14B1F-6F1C-4111-BD89-C74F07D24AA5}
	EndGlobalSection
EndGlobal
